
Microsoft Visual Studio Solution File, Format Version 12.00
# Visual Studio Version 16
VisualStudioVersion = 16.0.31702.278
MinimumVisualStudioVersion = 10.0.40219.1
Project("{FAE04EC0-301F-11D3-BF4B-00C04F79EFBC}") = "ByndyusoftTestingTask", "ByndyusoftTestingTask\ByndyusoftTestingTask.csproj", "{603626EF-ADF0-4FE4-B3E8-E8EDF29035BA}"
EndProject
Project("{FAE04EC0-301F-11D3-BF4B-00C04F79EFBC}") = "ByndyusoftTestingTaskTests", "ByndyusoftTestingTaskTests\ByndyusoftTestingTaskTests.csproj", "{F2891A15-2B57-4AFC-B964-595877A36733}"
EndProject
Global
	GlobalSection(SolutionConfigurationPlatforms) = preSolution
		Debug|Any CPU = Debug|Any CPU
		Release|Any CPU = Release|Any CPU
	EndGlobalSection
	GlobalSection(ProjectConfigurationPlatforms) = postSolution
		{603626EF-ADF0-4FE4-B3E8-E8EDF29035BA}.Debug|Any CPU.ActiveCfg = Debug|Any CPU
		{603626EF-ADF0-4FE4-B3E8-E8EDF29035BA}.Debug|Any CPU.Build.0 = Debug|Any CPU
		{603626EF-ADF0-4FE4-B3E8-E8EDF29035BA}.Release|Any CPU.ActiveCfg = Release|Any CPU
		{603626EF-ADF0-4FE4-B3E8-E8EDF29035BA}.Release|Any CPU.Build.0 = Release|Any CPU
		{F2891A15-2B57-4AFC-B964-595877A36733}.Debug|Any CPU.ActiveCfg = Debug|Any CPU
		{F2891A15-2B57-4AFC-B964-595877A36733}.Debug|Any CPU.Build.0 = Debug|Any CPU
		{F2891A15-2B57-4AFC-B964-595877A36733}.Release|Any CPU.ActiveCfg = Release|Any CPU
		{F2891A15-2B57-4AFC-B964-595877A36733}.Release|Any CPU.Build.0 = Release|Any CPU
	EndGlobalSection
	GlobalSection(SolutionProperties) = preSolution
		HideSolutionNode = FALSE
	EndGlobalSection
	GlobalSection(ExtensibilityGlobals) = postSolution
		SolutionGuid = {F1D9297D-60C4-4F86-AC26-CA14576B5F93}
	EndGlobalSection
EndGlobal
